// !$*UTF8*$!
{
	archiveVersion = 1;
	classes = {
	};
	objectVersion = 51;
	objects = {

/* Begin PBXBuildFile section */
		4B370C8226E07162000570E5 /* DJLoginController.swift in Sources */ = {isa = PBXBuildFile; fileRef = 4B370C8126E07162000570E5 /* DJLoginController.swift */; };
		4B42183A250F5E9B009BE5CC /* AppDelegate.swift in Sources */ = {isa = PBXBuildFile; fileRef = 4B421839250F5E9B009BE5CC /* AppDelegate.swift */; };
		4B421841250F5E9B009BE5CC /* Main.storyboard in Resources */ = {isa = PBXBuildFile; fileRef = 4B42183F250F5E9B009BE5CC /* Main.storyboard */; };
		4B421844250F5E9B009BE5CC /* dj_learn_Swift.xcdatamodeld in Sources */ = {isa = PBXBuildFile; fileRef = 4B421842250F5E9B009BE5CC /* dj_learn_Swift.xcdatamodeld */; };
		4B421846250F5EA0009BE5CC /* Assets.xcassets in Resources */ = {isa = PBXBuildFile; fileRef = 4B421845250F5EA0009BE5CC /* Assets.xcassets */; };
		4B421849250F5EA0009BE5CC /* LaunchScreen.storyboard in Resources */ = {isa = PBXBuildFile; fileRef = 4B421847250F5EA0009BE5CC /* LaunchScreen.storyboard */; };
		4B421854250F5EA0009BE5CC /* dj_learn_SwiftTests.swift in Sources */ = {isa = PBXBuildFile; fileRef = 4B421853250F5EA0009BE5CC /* dj_learn_SwiftTests.swift */; };
		4B42185F250F5EA0009BE5CC /* dj_learn_SwiftUITests.swift in Sources */ = {isa = PBXBuildFile; fileRef = 4B42185E250F5EA0009BE5CC /* dj_learn_SwiftUITests.swift */; };
		4B5CF65526C6197F004A8593 /* DJTimePickerController.swift in Sources */ = {isa = PBXBuildFile; fileRef = 4B5CF65426C6197F004A8593 /* DJTimePickerController.swift */; };
		4B69B36126D32E940005E21E /* WPTimePickerController.swift in Sources */ = {isa = PBXBuildFile; fileRef = 4B69B36026D32E940005E21E /* WPTimePickerController.swift */; };
		4B6AE0FE2519DB2F0056CAFC /* DJTabBarController.swift in Sources */ = {isa = PBXBuildFile; fileRef = 4B6AE0FD2519DB2F0056CAFC /* DJTabBarController.swift */; };
		4B6AE1012519DB8A0056CAFC /* DJNavigationController.swift in Sources */ = {isa = PBXBuildFile; fileRef = 4B6AE1002519DB8A0056CAFC /* DJNavigationController.swift */; };
		4B6AE1032519DBA40056CAFC /* DJViewController.swift in Sources */ = {isa = PBXBuildFile; fileRef = 4B6AE1022519DBA40056CAFC /* DJViewController.swift */; };
		4B6AE1062519DBBB0056CAFC /* DJView.swift in Sources */ = {isa = PBXBuildFile; fileRef = 4B6AE1052519DBBB0056CAFC /* DJView.swift */; };
		4B6AE1092519DBCD0056CAFC /* DJModel.swift in Sources */ = {isa = PBXBuildFile; fileRef = 4B6AE1082519DBCD0056CAFC /* DJModel.swift */; };
		4B6AE10D2519DC830056CAFC /* DJUIHomeController.swift in Sources */ = {isa = PBXBuildFile; fileRef = 4B6AE10C2519DC830056CAFC /* DJUIHomeController.swift */; };
		4B6AE1112519DE400056CAFC /* DJModuleHomeController.swift in Sources */ = {isa = PBXBuildFile; fileRef = 4B6AE1102519DE400056CAFC /* DJModuleHomeController.swift */; };
		4B6AE1152519DECD0056CAFC /* DJOthersHomeController.swift in Sources */ = {isa = PBXBuildFile; fileRef = 4B6AE1142519DECD0056CAFC /* DJOthersHomeController.swift */; };
		4B6AE11A2519E3B20056CAFC /* DJColorExtension.swift in Sources */ = {isa = PBXBuildFile; fileRef = 4B6AE1192519E3B20056CAFC /* DJColorExtension.swift */; };
		4B6AE11D2519E7170056CAFC /* DJImageExtension.swift in Sources */ = {isa = PBXBuildFile; fileRef = 4B6AE11C2519E7170056CAFC /* DJImageExtension.swift */; };
		4B96671E27609DE5005B2FB6 /* RXImagePickerController.swift in Sources */ = {isa = PBXBuildFile; fileRef = 4B96671D27609DE5005B2FB6 /* RXImagePickerController.swift */; };
		4B994E952766E97400DD2114 /* RXSimpleValidController.swift in Sources */ = {isa = PBXBuildFile; fileRef = 4B994E942766E97400DD2114 /* RXSimpleValidController.swift */; };
		4BB3E83D2763425F00A51AAC /* RXNumberController.swift in Sources */ = {isa = PBXBuildFile; fileRef = 4BB3E83C2763425F00A51AAC /* RXNumberController.swift */; };
		4BB7761025209626004D7C0B /* DJUILabelController.swift in Sources */ = {isa = PBXBuildFile; fileRef = 4BB7760F25209626004D7C0B /* DJUILabelController.swift */; };
		4BBC4DAE26C15D8E008EFEB5 /* DJFunctionDemo.swift in Sources */ = {isa = PBXBuildFile; fileRef = 4BBC4DAD26C15D8E008EFEB5 /* DJFunctionDemo.swift */; };
		4BBC4DB026C16895008EFEB5 /* DJClosureDemo.swift in Sources */ = {isa = PBXBuildFile; fileRef = 4BBC4DAF26C16895008EFEB5 /* DJClosureDemo.swift */; };
		4BC0C64A251A3FA00097040D /* DJMenuItemCell.swift in Sources */ = {isa = PBXBuildFile; fileRef = 4BC0C649251A3FA00097040D /* DJMenuItemCell.swift */; };
		4BC0C64E251A45B70097040D /* DJAppThemUtil.swift in Sources */ = {isa = PBXBuildFile; fileRef = 4BC0C64D251A45B70097040D /* DJAppThemUtil.swift */; };
		4BC0C650251A45C10097040D /* DJAppUtil.swift in Sources */ = {isa = PBXBuildFile; fileRef = 4BC0C64F251A45C10097040D /* DJAppUtil.swift */; };
		4BC0C652251A45CC0097040D /* DJDataUtil.swift in Sources */ = {isa = PBXBuildFile; fileRef = 4BC0C651251A45CC0097040D /* DJDataUtil.swift */; };
		4BC0C654251A47CF0097040D /* DJMenuItemModel.swift in Sources */ = {isa = PBXBuildFile; fileRef = 4BC0C653251A47CF0097040D /* DJMenuItemModel.swift */; };
		4BD4E61126D4835B00D15AEA /* SJInputView.swift in Sources */ = {isa = PBXBuildFile; fileRef = 4BD4E61026D4835B00D15AEA /* SJInputView.swift */; };
		4BD8CB5026C5277100E01EF6 /* DJSwitch.swift in Sources */ = {isa = PBXBuildFile; fileRef = 4BD8CB4F26C5277100E01EF6 /* DJSwitch.swift */; };
		4BF0F1282760B45D00371AF0 /* UIImagePickerController+Rx.swift in Sources */ = {isa = PBXBuildFile; fileRef = 4BF0F1272760B45D00371AF0 /* UIImagePickerController+Rx.swift */; };
		4BF7A14B26C2BB9200D13CFE /* DJClassInheritDemo.swift in Sources */ = {isa = PBXBuildFile; fileRef = 4BF7A14A26C2BB9200D13CFE /* DJClassInheritDemo.swift */; };
		4BF870E826C01B8B0079AB09 /* DJFoundationController.swift in Sources */ = {isa = PBXBuildFile; fileRef = 4BF870E726C01B8B0079AB09 /* DJFoundationController.swift */; };
		4BF870EA26C01BA30079AB09 /* DJOptionalDemo.swift in Sources */ = {isa = PBXBuildFile; fileRef = 4BF870E926C01BA30079AB09 /* DJOptionalDemo.swift */; };
		4BF9811826CAA466004FF545 /* RSBFController.swift in Sources */ = {isa = PBXBuildFile; fileRef = 4BF9811726CAA466004FF545 /* RSBFController.swift */; };
		4BF9811A26CAB06D004FF545 /* RSTableController.swift in Sources */ = {isa = PBXBuildFile; fileRef = 4BF9811926CAB06D004FF545 /* RSTableController.swift */; };
		5ADC0ACF67B055AB84608E1D /* Pods_dj_learn_Swift_dj_learn_SwiftUITests.framework in Frameworks */ = {isa = PBXBuildFile; fileRef = E004CAA0CB491580EB61D3AE /* Pods_dj_learn_Swift_dj_learn_SwiftUITests.framework */; };
		C8D4FD7F3823F47430B5BD84 /* Pods_dj_learn_Swift.framework in Frameworks */ = {isa = PBXBuildFile; fileRef = 658F7246AB4E6038C2156E30 /* Pods_dj_learn_Swift.framework */; };
		DB767116EDAC4F84C2C0B2C6 /* Pods_dj_learn_SwiftTests.framework in Frameworks */ = {isa = PBXBuildFile; fileRef = 908D940A85C725DD540238D8 /* Pods_dj_learn_SwiftTests.framework */; };
/* End PBXBuildFile section */

/* Begin PBXContainerItemProxy section */
		4B421850250F5EA0009BE5CC /* PBXContainerItemProxy */ = {
			isa = PBXContainerItemProxy;
			containerPortal = 4B42182E250F5E9B009BE5CC /* Project object */;
			proxyType = 1;
			remoteGlobalIDString = 4B421835250F5E9B009BE5CC;
			remoteInfo = "dj-learn-Swift";
		};
		4B42185B250F5EA0009BE5CC /* PBXContainerItemProxy */ = {
			isa = PBXContainerItemProxy;
			containerPortal = 4B42182E250F5E9B009BE5CC /* Project object */;
			proxyType = 1;
			remoteGlobalIDString = 4B421835250F5E9B009BE5CC;
			remoteInfo = "dj-learn-Swift";
		};
/* End PBXContainerItemProxy section */

/* Begin PBXFileReference section */
		2413D1CFDBC37D8AD22D7032 /* Pods-dj-learn-Swift.debug.xcconfig */ = {isa = PBXFileReference; includeInIndex = 1; lastKnownFileType = text.xcconfig; name = "Pods-dj-learn-Swift.debug.xcconfig"; path = "Target Support Files/Pods-dj-learn-Swift/Pods-dj-learn-Swift.debug.xcconfig"; sourceTree = "<group>"; };
		2C059D2CD44919805E9C1204 /* Pods-dj-learn-Swift.release.xcconfig */ = {isa = PBXFileReference; includeInIndex = 1; lastKnownFileType = text.xcconfig; name = "Pods-dj-learn-Swift.release.xcconfig"; path = "Target Support Files/Pods-dj-learn-Swift/Pods-dj-learn-Swift.release.xcconfig"; sourceTree = "<group>"; };
		4B1572E626E75F94003690B2 /* String.playground */ = {isa = PBXFileReference; lastKnownFileType = file.playground; path = String.playground; sourceTree = "<group>"; xcLanguageSpecificationIdentifier = xcode.lang.swift; };
		4B370C8126E07162000570E5 /* DJLoginController.swift */ = {isa = PBXFileReference; lastKnownFileType = sourcecode.swift; path = DJLoginController.swift; sourceTree = "<group>"; };
		4B3E9DFF26E846B600B32677 /* CollectionTypes.playground */ = {isa = PBXFileReference; lastKnownFileType = file.playground; path = CollectionTypes.playground; sourceTree = "<group>"; xcLanguageSpecificationIdentifier = xcode.lang.swift; };
		4B3E9E0026E857D000B32677 /* ControlFlow.playground */ = {isa = PBXFileReference; lastKnownFileType = file.playground; path = ControlFlow.playground; sourceTree = "<group>"; xcLanguageSpecificationIdentifier = xcode.lang.swift; };
		4B3E9E0126E85B0600B32677 /* Properties.playground */ = {isa = PBXFileReference; lastKnownFileType = file.playground; path = Properties.playground; sourceTree = "<group>"; xcLanguageSpecificationIdentifier = xcode.lang.swift; };
		4B421836250F5E9B009BE5CC /* dj-learn-Swift.app */ = {isa = PBXFileReference; explicitFileType = wrapper.application; includeInIndex = 0; path = "dj-learn-Swift.app"; sourceTree = BUILT_PRODUCTS_DIR; };
		4B421839250F5E9B009BE5CC /* AppDelegate.swift */ = {isa = PBXFileReference; lastKnownFileType = sourcecode.swift; path = AppDelegate.swift; sourceTree = "<group>"; };
		4B421840250F5E9B009BE5CC /* Base */ = {isa = PBXFileReference; lastKnownFileType = file.storyboard; name = Base; path = Base.lproj/Main.storyboard; sourceTree = "<group>"; };
		4B421843250F5E9B009BE5CC /* dj_learn_Swift.xcdatamodel */ = {isa = PBXFileReference; lastKnownFileType = wrapper.xcdatamodel; path = dj_learn_Swift.xcdatamodel; sourceTree = "<group>"; };
		4B421845250F5EA0009BE5CC /* Assets.xcassets */ = {isa = PBXFileReference; lastKnownFileType = folder.assetcatalog; path = Assets.xcassets; sourceTree = "<group>"; };
		4B421848250F5EA0009BE5CC /* Base */ = {isa = PBXFileReference; lastKnownFileType = file.storyboard; name = Base; path = Base.lproj/LaunchScreen.storyboard; sourceTree = "<group>"; };
		4B42184A250F5EA0009BE5CC /* Info.plist */ = {isa = PBXFileReference; lastKnownFileType = text.plist.xml; path = Info.plist; sourceTree = "<group>"; };
		4B42184F250F5EA0009BE5CC /* dj-learn-SwiftTests.xctest */ = {isa = PBXFileReference; explicitFileType = wrapper.cfbundle; includeInIndex = 0; path = "dj-learn-SwiftTests.xctest"; sourceTree = BUILT_PRODUCTS_DIR; };
		4B421853250F5EA0009BE5CC /* dj_learn_SwiftTests.swift */ = {isa = PBXFileReference; lastKnownFileType = sourcecode.swift; path = dj_learn_SwiftTests.swift; sourceTree = "<group>"; };
		4B421855250F5EA0009BE5CC /* Info.plist */ = {isa = PBXFileReference; lastKnownFileType = text.plist.xml; path = Info.plist; sourceTree = "<group>"; };
		4B42185A250F5EA0009BE5CC /* dj-learn-SwiftUITests.xctest */ = {isa = PBXFileReference; explicitFileType = wrapper.cfbundle; includeInIndex = 0; path = "dj-learn-SwiftUITests.xctest"; sourceTree = BUILT_PRODUCTS_DIR; };
		4B42185E250F5EA0009BE5CC /* dj_learn_SwiftUITests.swift */ = {isa = PBXFileReference; lastKnownFileType = sourcecode.swift; path = dj_learn_SwiftUITests.swift; sourceTree = "<group>"; };
		4B421860250F5EA0009BE5CC /* Info.plist */ = {isa = PBXFileReference; lastKnownFileType = text.plist.xml; path = Info.plist; sourceTree = "<group>"; };
		4B5CF65426C6197F004A8593 /* DJTimePickerController.swift */ = {isa = PBXFileReference; lastKnownFileType = sourcecode.swift; path = DJTimePickerController.swift; sourceTree = "<group>"; };
		4B675C7D2754A7D4007790E0 /* Scheduler.playground */ = {isa = PBXFileReference; lastKnownFileType = file.playground; path = Scheduler.playground; sourceTree = "<group>"; xcLanguageSpecificationIdentifier = xcode.lang.swift; };
		4B683C6926E1C157009A6AD2 /* MyPlayground.playground */ = {isa = PBXFileReference; lastKnownFileType = file.playground; path = MyPlayground.playground; sourceTree = "<group>"; xcLanguageSpecificationIdentifier = xcode.lang.swift; };
		4B683C6B26E1CDED009A6AD2 /* AsyncSubject.playground */ = {isa = PBXFileReference; lastKnownFileType = file.playground; path = AsyncSubject.playground; sourceTree = "<group>"; xcLanguageSpecificationIdentifier = xcode.lang.swift; };
		4B683C6C26E1CF07009A6AD2 /* PublishSubject.playground */ = {isa = PBXFileReference; lastKnownFileType = file.playground; path = PublishSubject.playground; sourceTree = "<group>"; xcLanguageSpecificationIdentifier = xcode.lang.swift; };
		4B683C6D26E1D1D8009A6AD2 /* ReplaySubject.playground */ = {isa = PBXFileReference; lastKnownFileType = file.playground; path = ReplaySubject.playground; sourceTree = "<group>"; xcLanguageSpecificationIdentifier = xcode.lang.swift; };
		4B683C6E26E1EE26009A6AD2 /* BehaviorSubject.playground */ = {isa = PBXFileReference; lastKnownFileType = file.playground; path = BehaviorSubject.playground; sourceTree = "<group>"; xcLanguageSpecificationIdentifier = xcode.lang.swift; };
		4B69B36026D32E940005E21E /* WPTimePickerController.swift */ = {isa = PBXFileReference; fileEncoding = 4; lastKnownFileType = sourcecode.swift; path = WPTimePickerController.swift; sourceTree = "<group>"; };
		4B6AE0FD2519DB2F0056CAFC /* DJTabBarController.swift */ = {isa = PBXFileReference; lastKnownFileType = sourcecode.swift; path = DJTabBarController.swift; sourceTree = "<group>"; };
		4B6AE1002519DB8A0056CAFC /* DJNavigationController.swift */ = {isa = PBXFileReference; lastKnownFileType = sourcecode.swift; path = DJNavigationController.swift; sourceTree = "<group>"; };
		4B6AE1022519DBA40056CAFC /* DJViewController.swift */ = {isa = PBXFileReference; lastKnownFileType = sourcecode.swift; path = DJViewController.swift; sourceTree = "<group>"; };
		4B6AE1052519DBBB0056CAFC /* DJView.swift */ = {isa = PBXFileReference; lastKnownFileType = sourcecode.swift; path = DJView.swift; sourceTree = "<group>"; };
		4B6AE1082519DBCD0056CAFC /* DJModel.swift */ = {isa = PBXFileReference; lastKnownFileType = sourcecode.swift; path = DJModel.swift; sourceTree = "<group>"; };
		4B6AE10C2519DC830056CAFC /* DJUIHomeController.swift */ = {isa = PBXFileReference; lastKnownFileType = sourcecode.swift; path = DJUIHomeController.swift; sourceTree = "<group>"; };
		4B6AE1102519DE400056CAFC /* DJModuleHomeController.swift */ = {isa = PBXFileReference; lastKnownFileType = sourcecode.swift; path = DJModuleHomeController.swift; sourceTree = "<group>"; };
		4B6AE1142519DECD0056CAFC /* DJOthersHomeController.swift */ = {isa = PBXFileReference; lastKnownFileType = sourcecode.swift; path = DJOthersHomeController.swift; sourceTree = "<group>"; };
		4B6AE1192519E3B20056CAFC /* DJColorExtension.swift */ = {isa = PBXFileReference; lastKnownFileType = sourcecode.swift; path = DJColorExtension.swift; sourceTree = "<group>"; };
		4B6AE11C2519E7170056CAFC /* DJImageExtension.swift */ = {isa = PBXFileReference; lastKnownFileType = sourcecode.swift; path = DJImageExtension.swift; sourceTree = "<group>"; };
		4B96671327605DF0005B2FB6 /* Disposable.playground */ = {isa = PBXFileReference; lastKnownFileType = file.playground; path = Disposable.playground; sourceTree = "<group>"; xcLanguageSpecificationIdentifier = xcode.lang.swift; };
		4B96671427605E5A005B2FB6 /* DisposeBag.playground */ = {isa = PBXFileReference; lastKnownFileType = file.playground; path = DisposeBag.playground; sourceTree = "<group>"; xcLanguageSpecificationIdentifier = xcode.lang.swift; };
		4B96671527605F26005B2FB6 /* takeUntil.playground */ = {isa = PBXFileReference; lastKnownFileType = file.playground; path = takeUntil.playground; sourceTree = "<group>"; xcLanguageSpecificationIdentifier = xcode.lang.swift; };
		4B96671D27609DE5005B2FB6 /* RXImagePickerController.swift */ = {isa = PBXFileReference; lastKnownFileType = sourcecode.swift; path = RXImagePickerController.swift; sourceTree = "<group>"; };
		4B994E942766E97400DD2114 /* RXSimpleValidController.swift */ = {isa = PBXFileReference; lastKnownFileType = sourcecode.swift; path = RXSimpleValidController.swift; sourceTree = "<group>"; };
		4BA4C18326E9D7B400693522 /* Initialization.playground */ = {isa = PBXFileReference; lastKnownFileType = file.playground; path = Initialization.playground; sourceTree = "<group>"; xcLanguageSpecificationIdentifier = xcode.lang.swift; };
		4BA964732762F1B800588DC2 /* Operator.playground */ = {isa = PBXFileReference; lastKnownFileType = file.playground; path = Operator.playground; sourceTree = "<group>"; xcLanguageSpecificationIdentifier = xcode.lang.swift; };
		4BB3E83C2763425F00A51AAC /* RXNumberController.swift */ = {isa = PBXFileReference; lastKnownFileType = sourcecode.swift; path = RXNumberController.swift; sourceTree = "<group>"; };
		4BB7760F25209626004D7C0B /* DJUILabelController.swift */ = {isa = PBXFileReference; lastKnownFileType = sourcecode.swift; path = DJUILabelController.swift; sourceTree = "<group>"; };
		4BBC4DAD26C15D8E008EFEB5 /* DJFunctionDemo.swift */ = {isa = PBXFileReference; lastKnownFileType = sourcecode.swift; path = DJFunctionDemo.swift; sourceTree = "<group>"; };
		4BBC4DAF26C16895008EFEB5 /* DJClosureDemo.swift */ = {isa = PBXFileReference; lastKnownFileType = sourcecode.swift; path = DJClosureDemo.swift; sourceTree = "<group>"; };
		4BC0C649251A3FA00097040D /* DJMenuItemCell.swift */ = {isa = PBXFileReference; lastKnownFileType = sourcecode.swift; path = DJMenuItemCell.swift; sourceTree = "<group>"; };
		4BC0C64D251A45B70097040D /* DJAppThemUtil.swift */ = {isa = PBXFileReference; lastKnownFileType = sourcecode.swift; path = DJAppThemUtil.swift; sourceTree = "<group>"; };
		4BC0C64F251A45C10097040D /* DJAppUtil.swift */ = {isa = PBXFileReference; lastKnownFileType = sourcecode.swift; path = DJAppUtil.swift; sourceTree = "<group>"; };
		4BC0C651251A45CC0097040D /* DJDataUtil.swift */ = {isa = PBXFileReference; lastKnownFileType = sourcecode.swift; path = DJDataUtil.swift; sourceTree = "<group>"; };
		4BC0C653251A47CF0097040D /* DJMenuItemModel.swift */ = {isa = PBXFileReference; lastKnownFileType = sourcecode.swift; path = DJMenuItemModel.swift; sourceTree = "<group>"; };
		4BC0C656251A48A60097040D /* DJApp.pch */ = {isa = PBXFileReference; lastKnownFileType = sourcecode.c.h; path = DJApp.pch; sourceTree = "<group>"; };
		4BD4E61026D4835B00D15AEA /* SJInputView.swift */ = {isa = PBXFileReference; lastKnownFileType = sourcecode.swift; path = SJInputView.swift; sourceTree = "<group>"; };
		4BD8CB4F26C5277100E01EF6 /* DJSwitch.swift */ = {isa = PBXFileReference; lastKnownFileType = sourcecode.swift; path = DJSwitch.swift; sourceTree = "<group>"; };
		4BF0F1272760B45D00371AF0 /* UIImagePickerController+Rx.swift */ = {isa = PBXFileReference; lastKnownFileType = sourcecode.swift; path = "UIImagePickerController+Rx.swift"; sourceTree = "<group>"; };
		4BF7A14A26C2BB9200D13CFE /* DJClassInheritDemo.swift */ = {isa = PBXFileReference; lastKnownFileType = sourcecode.swift; path = DJClassInheritDemo.swift; sourceTree = "<group>"; };
		4BF870E726C01B8B0079AB09 /* DJFoundationController.swift */ = {isa = PBXFileReference; lastKnownFileType = sourcecode.swift; path = DJFoundationController.swift; sourceTree = "<group>"; };
		4BF870E926C01BA30079AB09 /* DJOptionalDemo.swift */ = {isa = PBXFileReference; lastKnownFileType = sourcecode.swift; path = DJOptionalDemo.swift; sourceTree = "<group>"; };
		4BF9811726CAA466004FF545 /* RSBFController.swift */ = {isa = PBXFileReference; lastKnownFileType = sourcecode.swift; path = RSBFController.swift; sourceTree = "<group>"; };
		4BF9811926CAB06D004FF545 /* RSTableController.swift */ = {isa = PBXFileReference; lastKnownFileType = sourcecode.swift; path = RSTableController.swift; sourceTree = "<group>"; };
		658F7246AB4E6038C2156E30 /* Pods_dj_learn_Swift.framework */ = {isa = PBXFileReference; explicitFileType = wrapper.framework; includeInIndex = 0; path = Pods_dj_learn_Swift.framework; sourceTree = BUILT_PRODUCTS_DIR; };
		908D940A85C725DD540238D8 /* Pods_dj_learn_SwiftTests.framework */ = {isa = PBXFileReference; explicitFileType = wrapper.framework; includeInIndex = 0; path = Pods_dj_learn_SwiftTests.framework; sourceTree = BUILT_PRODUCTS_DIR; };
		994BF32CAD9DE9CAC3939C6E /* Pods-dj-learn-SwiftTests.release.xcconfig */ = {isa = PBXFileReference; includeInIndex = 1; lastKnownFileType = text.xcconfig; name = "Pods-dj-learn-SwiftTests.release.xcconfig"; path = "Target Support Files/Pods-dj-learn-SwiftTests/Pods-dj-learn-SwiftTests.release.xcconfig"; sourceTree = "<group>"; };
		9DDD391BA9273AEB060BE2B2 /* Pods-dj-learn-SwiftTests.debug.xcconfig */ = {isa = PBXFileReference; includeInIndex = 1; lastKnownFileType = text.xcconfig; name = "Pods-dj-learn-SwiftTests.debug.xcconfig"; path = "Target Support Files/Pods-dj-learn-SwiftTests/Pods-dj-learn-SwiftTests.debug.xcconfig"; sourceTree = "<group>"; };
		A32F54ED11A3D249670BB564 /* Pods-dj-learn-Swift-dj-learn-SwiftUITests.debug.xcconfig */ = {isa = PBXFileReference; includeInIndex = 1; lastKnownFileType = text.xcconfig; name = "Pods-dj-learn-Swift-dj-learn-SwiftUITests.debug.xcconfig"; path = "Target Support Files/Pods-dj-learn-Swift-dj-learn-SwiftUITests/Pods-dj-learn-Swift-dj-learn-SwiftUITests.debug.xcconfig"; sourceTree = "<group>"; };
		CF8E8EC73A2E87DD1313F7BC /* Pods-dj-learn-Swift-dj-learn-SwiftUITests.release.xcconfig */ = {isa = PBXFileReference; includeInIndex = 1; lastKnownFileType = text.xcconfig; name = "Pods-dj-learn-Swift-dj-learn-SwiftUITests.release.xcconfig"; path = "Target Support Files/Pods-dj-learn-Swift-dj-learn-SwiftUITests/Pods-dj-learn-Swift-dj-learn-SwiftUITests.release.xcconfig"; sourceTree = "<group>"; };
		E004CAA0CB491580EB61D3AE /* Pods_dj_learn_Swift_dj_learn_SwiftUITests.framework */ = {isa = PBXFileReference; explicitFileType = wrapper.framework; includeInIndex = 0; path = Pods_dj_learn_Swift_dj_learn_SwiftUITests.framework; sourceTree = BUILT_PRODUCTS_DIR; };
/* End PBXFileReference section */

/* Begin PBXFrameworksBuildPhase section */
		4B421833250F5E9B009BE5CC /* Frameworks */ = {
			isa = PBXFrameworksBuildPhase;
			buildActionMask = 2147483647;
			files = (
				C8D4FD7F3823F47430B5BD84 /* Pods_dj_learn_Swift.framework in Frameworks */,
			);
			runOnlyForDeploymentPostprocessing = 0;
		};
		4B42184C250F5EA0009BE5CC /* Frameworks */ = {
			isa = PBXFrameworksBuildPhase;
			buildActionMask = 2147483647;
			files = (
				DB767116EDAC4F84C2C0B2C6 /* Pods_dj_learn_SwiftTests.framework in Frameworks */,
			);
			runOnlyForDeploymentPostprocessing = 0;
		};
		4B421857250F5EA0009BE5CC /* Frameworks */ = {
			isa = PBXFrameworksBuildPhase;
			buildActionMask = 2147483647;
			files = (
				5ADC0ACF67B055AB84608E1D /* Pods_dj_learn_Swift_dj_learn_SwiftUITests.framework in Frameworks */,
			);
			runOnlyForDeploymentPostprocessing = 0;
		};
/* End PBXFrameworksBuildPhase section */

/* Begin PBXGroup section */
		1B1BF21C6CDDC9F7F00CAA36 /* Pods */ = {
			isa = PBXGroup;
			children = (
				2413D1CFDBC37D8AD22D7032 /* Pods-dj-learn-Swift.debug.xcconfig */,
				2C059D2CD44919805E9C1204 /* Pods-dj-learn-Swift.release.xcconfig */,
				A32F54ED11A3D249670BB564 /* Pods-dj-learn-Swift-dj-learn-SwiftUITests.debug.xcconfig */,
				CF8E8EC73A2E87DD1313F7BC /* Pods-dj-learn-Swift-dj-learn-SwiftUITests.release.xcconfig */,
				9DDD391BA9273AEB060BE2B2 /* Pods-dj-learn-SwiftTests.debug.xcconfig */,
				994BF32CAD9DE9CAC3939C6E /* Pods-dj-learn-SwiftTests.release.xcconfig */,
			);
			path = Pods;
			sourceTree = "<group>";
		};
		4B1572E526E75F7C003690B2 /* BaseSwift */ = {
			isa = PBXGroup;
			children = (
				4B1572E626E75F94003690B2 /* String.playground */,
				4B3E9DFF26E846B600B32677 /* CollectionTypes.playground */,
				4B3E9E0026E857D000B32677 /* ControlFlow.playground */,
				4B3E9E0126E85B0600B32677 /* Properties.playground */,
				4BA4C18326E9D7B400693522 /* Initialization.playground */,
			);
			path = BaseSwift;
			sourceTree = "<group>";
		};
		4B42182D250F5E9B009BE5CC = {
			isa = PBXGroup;
			children = (
				4B421838250F5E9B009BE5CC /* dj-learn-Swift */,
				4B421852250F5EA0009BE5CC /* dj-learn-SwiftTests */,
				4B42185D250F5EA0009BE5CC /* dj-learn-SwiftUITests */,
				4B421837250F5E9B009BE5CC /* Products */,
				1B1BF21C6CDDC9F7F00CAA36 /* Pods */,
				C03C6CD40C9FF4A579689C84 /* Frameworks */,
			);
			sourceTree = "<group>";
		};
		4B421837250F5E9B009BE5CC /* Products */ = {
			isa = PBXGroup;
			children = (
				4B421836250F5E9B009BE5CC /* dj-learn-Swift.app */,
				4B42184F250F5EA0009BE5CC /* dj-learn-SwiftTests.xctest */,
				4B42185A250F5EA0009BE5CC /* dj-learn-SwiftUITests.xctest */,
			);
			name = Products;
			sourceTree = "<group>";
		};
		4B421838250F5E9B009BE5CC /* dj-learn-Swift */ = {
			isa = PBXGroup;
			children = (
				4B6AE0F82519DA7F0056CAFC /* Classes */,
			);
			path = "dj-learn-Swift";
			sourceTree = "<group>";
		};
		4B421852250F5EA0009BE5CC /* dj-learn-SwiftTests */ = {
			isa = PBXGroup;
			children = (
				4B421853250F5EA0009BE5CC /* dj_learn_SwiftTests.swift */,
				4B421855250F5EA0009BE5CC /* Info.plist */,
			);
			path = "dj-learn-SwiftTests";
			sourceTree = "<group>";
		};
		4B42185D250F5EA0009BE5CC /* dj-learn-SwiftUITests */ = {
			isa = PBXGroup;
			children = (
				4B42185E250F5EA0009BE5CC /* dj_learn_SwiftUITests.swift */,
				4B421860250F5EA0009BE5CC /* Info.plist */,
			);
			path = "dj-learn-SwiftUITests";
			sourceTree = "<group>";
		};
		4B683C6A26E1CDD5009A6AD2 /* Subjects */ = {
			isa = PBXGroup;
			children = (
				4B683C6B26E1CDED009A6AD2 /* AsyncSubject.playground */,
				4B683C6C26E1CF07009A6AD2 /* PublishSubject.playground */,
				4B683C6D26E1D1D8009A6AD2 /* ReplaySubject.playground */,
				4B683C6E26E1EE26009A6AD2 /* BehaviorSubject.playground */,
				4B675C7D2754A7D4007790E0 /* Scheduler.playground */,
			);
			path = Subjects;
			sourceTree = "<group>";
		};
		4B6AE0F72519DA190056CAFC /* General */ = {
			isa = PBXGroup;
			children = (
				4B1572E526E75F7C003690B2 /* BaseSwift */,
				4BD4E60E26D4834300D15AEA /* Custom */,
				4BF9811426CAA427004FF545 /* RxSwift */,
				4BF870E626C01B620079AB09 /* Fundation */,
				4B6AE1122519DEA30056CAFC /* Others */,
				4B6AE10E2519DE010056CAFC /* Module */,
				4B6AE10A2519DC1D0056CAFC /* DJUI */,
				4B6AE0FC2519DAEF0056CAFC /* Main */,
			);
			path = General;
			sourceTree = "<group>";
		};
		4B6AE0F82519DA7F0056CAFC /* Classes */ = {
			isa = PBXGroup;
			children = (
				4B6AE0F92519DA8C0056CAFC /* Expend */,
				4B6AE0FA2519DAA20056CAFC /* App */,
				4B6AE0F72519DA190056CAFC /* General */,
				4B6AE0FB2519DAC10056CAFC /* Resources */,
			);
			path = Classes;
			sourceTree = "<group>";
		};
		4B6AE0F92519DA8C0056CAFC /* Expend */ = {
			isa = PBXGroup;
			children = (
				4BC0C655251A48490097040D /* Macro */,
				4BC0C64C251A45950097040D /* Utils */,
				4B6AE1182519E3780056CAFC /* Extension */,
			);
			path = Expend;
			sourceTree = "<group>";
		};
		4B6AE0FA2519DAA20056CAFC /* App */ = {
			isa = PBXGroup;
			children = (
				4B421847250F5EA0009BE5CC /* LaunchScreen.storyboard */,
				4B42184A250F5EA0009BE5CC /* Info.plist */,
				4B42183F250F5E9B009BE5CC /* Main.storyboard */,
				4B421839250F5E9B009BE5CC /* AppDelegate.swift */,
				4B683C6926E1C157009A6AD2 /* MyPlayground.playground */,
			);
			path = App;
			sourceTree = "<group>";
		};
		4B6AE0FB2519DAC10056CAFC /* Resources */ = {
			isa = PBXGroup;
			children = (
				4B421845250F5EA0009BE5CC /* Assets.xcassets */,
				4B421842250F5E9B009BE5CC /* dj_learn_Swift.xcdatamodeld */,
			);
			path = Resources;
			sourceTree = "<group>";
		};
		4B6AE0FC2519DAEF0056CAFC /* Main */ = {
			isa = PBXGroup;
			children = (
				4B6AE1072519DBC00056CAFC /* Models */,
				4B6AE1042519DBAF0056CAFC /* Views */,
				4B6AE0FF2519DB690056CAFC /* Controllers */,
			);
			path = Main;
			sourceTree = "<group>";
		};
		4B6AE0FF2519DB690056CAFC /* Controllers */ = {
			isa = PBXGroup;
			children = (
				4B6AE0FD2519DB2F0056CAFC /* DJTabBarController.swift */,
				4B6AE1002519DB8A0056CAFC /* DJNavigationController.swift */,
				4B6AE1022519DBA40056CAFC /* DJViewController.swift */,
			);
			path = Controllers;
			sourceTree = "<group>";
		};
		4B6AE1042519DBAF0056CAFC /* Views */ = {
			isa = PBXGroup;
			children = (
				4B6AE1052519DBBB0056CAFC /* DJView.swift */,
				4BC0C649251A3FA00097040D /* DJMenuItemCell.swift */,
			);
			path = Views;
			sourceTree = "<group>";
		};
		4B6AE1072519DBC00056CAFC /* Models */ = {
			isa = PBXGroup;
			children = (
				4B6AE1082519DBCD0056CAFC /* DJModel.swift */,
				4BC0C653251A47CF0097040D /* DJMenuItemModel.swift */,
			);
			path = Models;
			sourceTree = "<group>";
		};
		4B6AE10A2519DC1D0056CAFC /* DJUI */ = {
			isa = PBXGroup;
			children = (
				4BD8CB4D26C5274000E01EF6 /* Views */,
				4B6AE10B2519DC5D0056CAFC /* Controllers */,
			);
			path = DJUI;
			sourceTree = "<group>";
		};
		4B6AE10B2519DC5D0056CAFC /* Controllers */ = {
			isa = PBXGroup;
			children = (
				4B6AE10C2519DC830056CAFC /* DJUIHomeController.swift */,
				4BB7760F25209626004D7C0B /* DJUILabelController.swift */,
				4B5CF65426C6197F004A8593 /* DJTimePickerController.swift */,
			);
			path = Controllers;
			sourceTree = "<group>";
		};
		4B6AE10E2519DE010056CAFC /* Module */ = {
			isa = PBXGroup;
			children = (
				4B6AE10F2519DE290056CAFC /* Controllers */,
			);
			path = Module;
			sourceTree = "<group>";
		};
		4B6AE10F2519DE290056CAFC /* Controllers */ = {
			isa = PBXGroup;
			children = (
				4B6AE1102519DE400056CAFC /* DJModuleHomeController.swift */,
			);
			path = Controllers;
			sourceTree = "<group>";
		};
		4B6AE1122519DEA30056CAFC /* Others */ = {
			isa = PBXGroup;
			children = (
				4B6AE1132519DEB80056CAFC /* Controllers */,
			);
			path = Others;
			sourceTree = "<group>";
		};
		4B6AE1132519DEB80056CAFC /* Controllers */ = {
			isa = PBXGroup;
			children = (
				4B6AE1142519DECD0056CAFC /* DJOthersHomeController.swift */,
			);
			path = Controllers;
			sourceTree = "<group>";
		};
		4B6AE1182519E3780056CAFC /* Extension */ = {
			isa = PBXGroup;
			children = (
				4B6AE1192519E3B20056CAFC /* DJColorExtension.swift */,
				4B6AE11C2519E7170056CAFC /* DJImageExtension.swift */,
			);
			path = Extension;
			sourceTree = "<group>";
		};
		4B96671227605DCF005B2FB6 /* Disposable */ = {
			isa = PBXGroup;
			children = (
				4B96671427605E5A005B2FB6 /* DisposeBag.playground */,
				4B96671327605DF0005B2FB6 /* Disposable.playground */,
				4B96671527605F26005B2FB6 /* takeUntil.playground */,
			);
			path = Disposable;
			sourceTree = "<group>";
		};
		4B966716276061DA005B2FB6 /* Schedulers */ = {
			isa = PBXGroup;
			children = (
			);
			path = Schedulers;
			sourceTree = "<group>";
		};
		4B96671B27609DAC005B2FB6 /* ImagePickerDemo */ = {
			isa = PBXGroup;
			children = (
				4B96671D27609DE5005B2FB6 /* RXImagePickerController.swift */,
				4BF0F1272760B45D00371AF0 /* UIImagePickerController+Rx.swift */,
			);
			path = ImagePickerDemo;
			sourceTree = "<group>";
		};
		4B994E932766E95600DD2114 /* SimpleValidation */ = {
			isa = PBXGroup;
			children = (
				4B994E942766E97400DD2114 /* RXSimpleValidController.swift */,
			);
			path = SimpleValidation;
			sourceTree = "<group>";
		};
		4BA964722762F1B800588DC2 /* Operator */ = {
			isa = PBXGroup;
			children = (
				4BA964732762F1B800588DC2 /* Operator.playground */,
			);
			path = Operator;
			sourceTree = "<group>";
		};
		4BA964742762F1F300588DC2 /* TimerPicker */ = {
			isa = PBXGroup;
			children = (
				4B69B36026D32E940005E21E /* WPTimePickerController.swift */,
			);
			path = TimerPicker;
			sourceTree = "<group>";
		};
		4BA964752762F22700588DC2 /* Observable */ = {
			isa = PBXGroup;
			children = (
				4B370C8126E07162000570E5 /* DJLoginController.swift */,
			);
			path = Observable;
			sourceTree = "<group>";
		};
		4BB3E83B2763422D00A51AAC /* NumberDemo */ = {
			isa = PBXGroup;
			children = (
				4BB3E83C2763425F00A51AAC /* RXNumberController.swift */,
			);
			path = NumberDemo;
			sourceTree = "<group>";
		};
		4BC0C64C251A45950097040D /* Utils */ = {
			isa = PBXGroup;
			children = (
				4BC0C64D251A45B70097040D /* DJAppThemUtil.swift */,
				4BC0C64F251A45C10097040D /* DJAppUtil.swift */,
				4BC0C651251A45CC0097040D /* DJDataUtil.swift */,
			);
			path = Utils;
			sourceTree = "<group>";
		};
		4BC0C655251A48490097040D /* Macro */ = {
			isa = PBXGroup;
			children = (
				4BC0C656251A48A60097040D /* DJApp.pch */,
			);
			path = Macro;
			sourceTree = "<group>";
		};
		4BD4E60E26D4834300D15AEA /* Custom */ = {
			isa = PBXGroup;
			children = (
				4BA964742762F1F300588DC2 /* TimerPicker */,
				4BD4E60F26D4834A00D15AEA /* Input */,
			);
			path = Custom;
			sourceTree = "<group>";
		};
		4BD4E60F26D4834A00D15AEA /* Input */ = {
			isa = PBXGroup;
			children = (
				4BD4E61026D4835B00D15AEA /* SJInputView.swift */,
			);
			path = Input;
			sourceTree = "<group>";
		};
		4BD8CB4D26C5274000E01EF6 /* Views */ = {
			isa = PBXGroup;
			children = (
				4BD8CB4E26C5274600E01EF6 /* DJSwitch */,
			);
			path = Views;
			sourceTree = "<group>";
		};
		4BD8CB4E26C5274600E01EF6 /* DJSwitch */ = {
			isa = PBXGroup;
			children = (
				4BD8CB4F26C5277100E01EF6 /* DJSwitch.swift */,
			);
			path = DJSwitch;
			sourceTree = "<group>";
		};
		4BF870E626C01B620079AB09 /* Fundation */ = {
			isa = PBXGroup;
			children = (
				4BF870E726C01B8B0079AB09 /* DJFoundationController.swift */,
				4BF870E926C01BA30079AB09 /* DJOptionalDemo.swift */,
				4BBC4DAD26C15D8E008EFEB5 /* DJFunctionDemo.swift */,
				4BBC4DAF26C16895008EFEB5 /* DJClosureDemo.swift */,
				4BF7A14A26C2BB9200D13CFE /* DJClassInheritDemo.swift */,
			);
			path = Fundation;
			sourceTree = "<group>";
		};
		4BF9811426CAA427004FF545 /* RxSwift */ = {
			isa = PBXGroup;
			children = (
				4B994E932766E95600DD2114 /* SimpleValidation */,
				4BB3E83B2763422D00A51AAC /* NumberDemo */,
				4BF9811526CAA438004FF545 /* Controllers */,
				4B96671B27609DAC005B2FB6 /* ImagePickerDemo */,
				4BF9811626CAA440004FF545 /* Core */,
			);
			path = RxSwift;
			sourceTree = "<group>";
		};
		4BF9811526CAA438004FF545 /* Controllers */ = {
			isa = PBXGroup;
			children = (
				4BF9811726CAA466004FF545 /* RSBFController.swift */,
				4BF9811926CAB06D004FF545 /* RSTableController.swift */,
			);
			path = Controllers;
			sourceTree = "<group>";
		};
		4BF9811626CAA440004FF545 /* Core */ = {
			isa = PBXGroup;
			children = (
				4BA964752762F22700588DC2 /* Observable */,
				4BA964722762F1B800588DC2 /* Operator */,
				4B966716276061DA005B2FB6 /* Schedulers */,
				4B96671227605DCF005B2FB6 /* Disposable */,
				4B683C6A26E1CDD5009A6AD2 /* Subjects */,
			);
			path = Core;
			sourceTree = "<group>";
		};
		C03C6CD40C9FF4A579689C84 /* Frameworks */ = {
			isa = PBXGroup;
			children = (
				658F7246AB4E6038C2156E30 /* Pods_dj_learn_Swift.framework */,
				E004CAA0CB491580EB61D3AE /* Pods_dj_learn_Swift_dj_learn_SwiftUITests.framework */,
				908D940A85C725DD540238D8 /* Pods_dj_learn_SwiftTests.framework */,
			);
			name = Frameworks;
			sourceTree = "<group>";
		};
/* End PBXGroup section */

/* Begin PBXNativeTarget section */
		4B421835250F5E9B009BE5CC /* dj-learn-Swift */ = {
			isa = PBXNativeTarget;
			buildConfigurationList = 4B421863250F5EA0009BE5CC /* Build configuration list for PBXNativeTarget "dj-learn-Swift" */;
			buildPhases = (
				C7AA96B55DCA9482B64947D6 /* [CP] Check Pods Manifest.lock */,
				4B421832250F5E9B009BE5CC /* Sources */,
				4B421833250F5E9B009BE5CC /* Frameworks */,
				4B421834250F5E9B009BE5CC /* Resources */,
				38E2DA908A3583ECE567DB02 /* [CP] Embed Pods Frameworks */,
			);
			buildRules = (
			);
			dependencies = (
			);
			name = "dj-learn-Swift";
			productName = "dj-learn-Swift";
			productReference = 4B421836250F5E9B009BE5CC /* dj-learn-Swift.app */;
			productType = "com.apple.product-type.application";
		};
		4B42184E250F5EA0009BE5CC /* dj-learn-SwiftTests */ = {
			isa = PBXNativeTarget;
			buildConfigurationList = 4B421866250F5EA0009BE5CC /* Build configuration list for PBXNativeTarget "dj-learn-SwiftTests" */;
			buildPhases = (
				A316F9C78B060918921A85AA /* [CP] Check Pods Manifest.lock */,
				4B42184B250F5EA0009BE5CC /* Sources */,
				4B42184C250F5EA0009BE5CC /* Frameworks */,
				4B42184D250F5EA0009BE5CC /* Resources */,
			);
			buildRules = (
			);
			dependencies = (
				4B421851250F5EA0009BE5CC /* PBXTargetDependency */,
			);
			name = "dj-learn-SwiftTests";
			productName = "dj-learn-SwiftTests";
			productReference = 4B42184F250F5EA0009BE5CC /* dj-learn-SwiftTests.xctest */;
			productType = "com.apple.product-type.bundle.unit-test";
		};
		4B421859250F5EA0009BE5CC /* dj-learn-SwiftUITests */ = {
			isa = PBXNativeTarget;
			buildConfigurationList = 4B421869250F5EA0009BE5CC /* Build configuration list for PBXNativeTarget "dj-learn-SwiftUITests" */;
			buildPhases = (
				9E625EF2EBC75D0C33E2A183 /* [CP] Check Pods Manifest.lock */,
				4B421856250F5EA0009BE5CC /* Sources */,
				4B421857250F5EA0009BE5CC /* Frameworks */,
				4B421858250F5EA0009BE5CC /* Resources */,
				4A59B899AA75DE9D259DD189 /* [CP] Embed Pods Frameworks */,
			);
			buildRules = (
			);
			dependencies = (
				4B42185C250F5EA0009BE5CC /* PBXTargetDependency */,
			);
			name = "dj-learn-SwiftUITests";
			productName = "dj-learn-SwiftUITests";
			productReference = 4B42185A250F5EA0009BE5CC /* dj-learn-SwiftUITests.xctest */;
			productType = "com.apple.product-type.bundle.ui-testing";
		};
/* End PBXNativeTarget section */

/* Begin PBXProject section */
		4B42182E250F5E9B009BE5CC /* Project object */ = {
			isa = PBXProject;
			attributes = {
				LastSwiftUpdateCheck = 1170;
				LastUpgradeCheck = 1170;
				ORGANIZATIONNAME = S.J;
				TargetAttributes = {
					4B421835250F5E9B009BE5CC = {
						CreatedOnToolsVersion = 11.7;
					};
					4B42184E250F5EA0009BE5CC = {
						CreatedOnToolsVersion = 11.7;
						TestTargetID = 4B421835250F5E9B009BE5CC;
					};
					4B421859250F5EA0009BE5CC = {
						CreatedOnToolsVersion = 11.7;
						TestTargetID = 4B421835250F5E9B009BE5CC;
					};
				};
			};
			buildConfigurationList = 4B421831250F5E9B009BE5CC /* Build configuration list for PBXProject "dj-learn-Swift" */;
			compatibilityVersion = "Xcode 9.3";
			developmentRegion = en;
			hasScannedForEncodings = 0;
			knownRegions = (
				en,
				Base,
			);
			mainGroup = 4B42182D250F5E9B009BE5CC;
			productRefGroup = 4B421837250F5E9B009BE5CC /* Products */;
			projectDirPath = "";
			projectRoot = "";
			targets = (
				4B421835250F5E9B009BE5CC /* dj-learn-Swift */,
				4B42184E250F5EA0009BE5CC /* dj-learn-SwiftTests */,
				4B421859250F5EA0009BE5CC /* dj-learn-SwiftUITests */,
			);
		};
/* End PBXProject section */

/* Begin PBXResourcesBuildPhase section */
		4B421834250F5E9B009BE5CC /* Resources */ = {
			isa = PBXResourcesBuildPhase;
			buildActionMask = 2147483647;
			files = (
				4B421849250F5EA0009BE5CC /* LaunchScreen.storyboard in Resources */,
				4B421846250F5EA0009BE5CC /* Assets.xcassets in Resources */,
				4B421841250F5E9B009BE5CC /* Main.storyboard in Resources */,
			);
			runOnlyForDeploymentPostprocessing = 0;
		};
		4B42184D250F5EA0009BE5CC /* Resources */ = {
			isa = PBXResourcesBuildPhase;
			buildActionMask = 2147483647;
			files = (
			);
			runOnlyForDeploymentPostprocessing = 0;
		};
		4B421858250F5EA0009BE5CC /* Resources */ = {
			isa = PBXResourcesBuildPhase;
			buildActionMask = 2147483647;
			files = (
			);
			runOnlyForDeploymentPostprocessing = 0;
		};
/* End PBXResourcesBuildPhase section */

/* Begin PBXShellScriptBuildPhase section */
		38E2DA908A3583ECE567DB02 /* [CP] Embed Pods Frameworks */ = {
			isa = PBXShellScriptBuildPhase;
			buildActionMask = 2147483647;
			files = (
			);
			inputFileListPaths = (
				"${PODS_ROOT}/Target Support Files/Pods-dj-learn-Swift/Pods-dj-learn-Swift-frameworks-${CONFIGURATION}-input-files.xcfilelist",
			);
			name = "[CP] Embed Pods Frameworks";
			outputFileListPaths = (
				"${PODS_ROOT}/Target Support Files/Pods-dj-learn-Swift/Pods-dj-learn-Swift-frameworks-${CONFIGURATION}-output-files.xcfilelist",
			);
			runOnlyForDeploymentPostprocessing = 0;
			shellPath = /bin/sh;
			shellScript = "\"${PODS_ROOT}/Target Support Files/Pods-dj-learn-Swift/Pods-dj-learn-Swift-frameworks.sh\"\n";
			showEnvVarsInLog = 0;
		};
		4A59B899AA75DE9D259DD189 /* [CP] Embed Pods Frameworks */ = {
			isa = PBXShellScriptBuildPhase;
			buildActionMask = 2147483647;
			files = (
			);
			inputFileListPaths = (
				"${PODS_ROOT}/Target Support Files/Pods-dj-learn-Swift-dj-learn-SwiftUITests/Pods-dj-learn-Swift-dj-learn-SwiftUITests-frameworks-${CONFIGURATION}-input-files.xcfilelist",
			);
			name = "[CP] Embed Pods Frameworks";
			outputFileListPaths = (
				"${PODS_ROOT}/Target Support Files/Pods-dj-learn-Swift-dj-learn-SwiftUITests/Pods-dj-learn-Swift-dj-learn-SwiftUITests-frameworks-${CONFIGURATION}-output-files.xcfilelist",
			);
			runOnlyForDeploymentPostprocessing = 0;
			shellPath = /bin/sh;
			shellScript = "\"${PODS_ROOT}/Target Support Files/Pods-dj-learn-Swift-dj-learn-SwiftUITests/Pods-dj-learn-Swift-dj-learn-SwiftUITests-frameworks.sh\"\n";
			showEnvVarsInLog = 0;
		};
		9E625EF2EBC75D0C33E2A183 /* [CP] Check Pods Manifest.lock */ = {
			isa = PBXShellScriptBuildPhase;
			buildActionMask = 2147483647;
			files = (
			);
			inputFileListPaths = (
			);
			inputPaths = (
				"${PODS_PODFILE_DIR_PATH}/Podfile.lock",
				"${PODS_ROOT}/Manifest.lock",
			);
			name = "[CP] Check Pods Manifest.lock";
			outputFileListPaths = (
			);
			outputPaths = (
				"$(DERIVED_FILE_DIR)/Pods-dj-learn-Swift-dj-learn-SwiftUITests-checkManifestLockResult.txt",
			);
			runOnlyForDeploymentPostprocessing = 0;
			shellPath = /bin/sh;
			shellScript = "diff \"${PODS_PODFILE_DIR_PATH}/Podfile.lock\" \"${PODS_ROOT}/Manifest.lock\" > /dev/null\nif [ $? != 0 ] ; then\n    # print error to STDERR\n    echo \"error: The sandbox is not in sync with the Podfile.lock. Run 'pod install' or update your CocoaPods installation.\" >&2\n    exit 1\nfi\n# This output is used by Xcode 'outputs' to avoid re-running this script phase.\necho \"SUCCESS\" > \"${SCRIPT_OUTPUT_FILE_0}\"\n";
			showEnvVarsInLog = 0;
		};
		A316F9C78B060918921A85AA /* [CP] Check Pods Manifest.lock */ = {
			isa = PBXShellScriptBuildPhase;
			buildActionMask = 2147483647;
			files = (
			);
			inputFileListPaths = (
			);
			inputPaths = (
				"${PODS_PODFILE_DIR_PATH}/Podfile.lock",
				"${PODS_ROOT}/Manifest.lock",
			);
			name = "[CP] Check Pods Manifest.lock";
			outputFileListPaths = (
			);
			outputPaths = (
				"$(DERIVED_FILE_DIR)/Pods-dj-learn-SwiftTests-checkManifestLockResult.txt",
			);
			runOnlyForDeploymentPostprocessing = 0;
			shellPath = /bin/sh;
			shellScript = "diff \"${PODS_PODFILE_DIR_PATH}/Podfile.lock\" \"${PODS_ROOT}/Manifest.lock\" > /dev/null\nif [ $? != 0 ] ; then\n    # print error to STDERR\n    echo \"error: The sandbox is not in sync with the Podfile.lock. Run 'pod install' or update your CocoaPods installation.\" >&2\n    exit 1\nfi\n# This output is used by Xcode 'outputs' to avoid re-running this script phase.\necho \"SUCCESS\" > \"${SCRIPT_OUTPUT_FILE_0}\"\n";
			showEnvVarsInLog = 0;
		};
		C7AA96B55DCA9482B64947D6 /* [CP] Check Pods Manifest.lock */ = {
			isa = PBXShellScriptBuildPhase;
			buildActionMask = 2147483647;
			files = (
			);
			inputFileListPaths = (
			);
			inputPaths = (
				"${PODS_PODFILE_DIR_PATH}/Podfile.lock",
				"${PODS_ROOT}/Manifest.lock",
			);
			name = "[CP] Check Pods Manifest.lock";
			outputFileListPaths = (
			);
			outputPaths = (
				"$(DERIVED_FILE_DIR)/Pods-dj-learn-Swift-checkManifestLockResult.txt",
			);
			runOnlyForDeploymentPostprocessing = 0;
			shellPath = /bin/sh;
			shellScript = "diff \"${PODS_PODFILE_DIR_PATH}/Podfile.lock\" \"${PODS_ROOT}/Manifest.lock\" > /dev/null\nif [ $? != 0 ] ; then\n    # print error to STDERR\n    echo \"error: The sandbox is not in sync with the Podfile.lock. Run 'pod install' or update your CocoaPods installation.\" >&2\n    exit 1\nfi\n# This output is used by Xcode 'outputs' to avoid re-running this script phase.\necho \"SUCCESS\" > \"${SCRIPT_OUTPUT_FILE_0}\"\n";
			showEnvVarsInLog = 0;
		};
/* End PBXShellScriptBuildPhase section */

/* Begin PBXSourcesBuildPhase section */
		4B421832250F5E9B009BE5CC /* Sources */ = {
			isa = PBXSourcesBuildPhase;
			buildActionMask = 2147483647;
			files = (
				4BF870E826C01B8B0079AB09 /* DJFoundationController.swift in Sources */,
				4B6AE1062519DBBB0056CAFC /* DJView.swift in Sources */,
				4BC0C652251A45CC0097040D /* DJDataUtil.swift in Sources */,
				4BF7A14B26C2BB9200D13CFE /* DJClassInheritDemo.swift in Sources */,
				4BF9811826CAA466004FF545 /* RSBFController.swift in Sources */,
				4B6AE0FE2519DB2F0056CAFC /* DJTabBarController.swift in Sources */,
				4B994E952766E97400DD2114 /* RXSimpleValidController.swift in Sources */,
				4BF870EA26C01BA30079AB09 /* DJOptionalDemo.swift in Sources */,
				4B6AE11A2519E3B20056CAFC /* DJColorExtension.swift in Sources */,
				4B96671E27609DE5005B2FB6 /* RXImagePickerController.swift in Sources */,
				4BBC4DB026C16895008EFEB5 /* DJClosureDemo.swift in Sources */,
				4BC0C64E251A45B70097040D /* DJAppThemUtil.swift in Sources */,
				4BD8CB5026C5277100E01EF6 /* DJSwitch.swift in Sources */,
				4B69B36126D32E940005E21E /* WPTimePickerController.swift in Sources */,
				4B6AE11D2519E7170056CAFC /* DJImageExtension.swift in Sources */,
				4BF0F1282760B45D00371AF0 /* UIImagePickerController+Rx.swift in Sources */,
				4BB7761025209626004D7C0B /* DJUILabelController.swift in Sources */,
				4BC0C650251A45C10097040D /* DJAppUtil.swift in Sources */,
				4B6AE1092519DBCD0056CAFC /* DJModel.swift in Sources */,
				4B6AE1012519DB8A0056CAFC /* DJNavigationController.swift in Sources */,
				4B370C8226E07162000570E5 /* DJLoginController.swift in Sources */,
				4BBC4DAE26C15D8E008EFEB5 /* DJFunctionDemo.swift in Sources */,
				4BD4E61126D4835B00D15AEA /* SJInputView.swift in Sources */,
				4BB3E83D2763425F00A51AAC /* RXNumberController.swift in Sources */,
				4B6AE1112519DE400056CAFC /* DJModuleHomeController.swift in Sources */,
				4B6AE10D2519DC830056CAFC /* DJUIHomeController.swift in Sources */,
				4B42183A250F5E9B009BE5CC /* AppDelegate.swift in Sources */,
				4BC0C64A251A3FA00097040D /* DJMenuItemCell.swift in Sources */,
				4B6AE1032519DBA40056CAFC /* DJViewController.swift in Sources */,
				4B6AE1152519DECD0056CAFC /* DJOthersHomeController.swift in Sources */,
				4BC0C654251A47CF0097040D /* DJMenuItemModel.swift in Sources */,
				4B421844250F5E9B009BE5CC /* dj_learn_Swift.xcdatamodeld in Sources */,
				4B5CF65526C6197F004A8593 /* DJTimePickerController.swift in Sources */,
				4BF9811A26CAB06D004FF545 /* RSTableController.swift in Sources */,
			);
			runOnlyForDeploymentPostprocessing = 0;
		};
		4B42184B250F5EA0009BE5CC /* Sources */ = {
			isa = PBXSourcesBuildPhase;
			buildActionMask = 2147483647;
			files = (
				4B421854250F5EA0009BE5CC /* dj_learn_SwiftTests.swift in Sources */,
			);
			runOnlyForDeploymentPostprocessing = 0;
		};
		4B421856250F5EA0009BE5CC /* Sources */ = {
			isa = PBXSourcesBuildPhase;
			buildActionMask = 2147483647;
			files = (
				4B42185F250F5EA0009BE5CC /* dj_learn_SwiftUITests.swift in Sources */,
			);
			runOnlyForDeploymentPostprocessing = 0;
		};
/* End PBXSourcesBuildPhase section */

/* Begin PBXTargetDependency section */
		4B421851250F5EA0009BE5CC /* PBXTargetDependency */ = {
			isa = PBXTargetDependency;
			target = 4B421835250F5E9B009BE5CC /* dj-learn-Swift */;
			targetProxy = 4B421850250F5EA0009BE5CC /* PBXContainerItemProxy */;
		};
		4B42185C250F5EA0009BE5CC /* PBXTargetDependency */ = {
			isa = PBXTargetDependency;
			target = 4B421835250F5E9B009BE5CC /* dj-learn-Swift */;
			targetProxy = 4B42185B250F5EA0009BE5CC /* PBXContainerItemProxy */;
		};
/* End PBXTargetDependency section */

/* Begin PBXVariantGroup section */
		4B42183F250F5E9B009BE5CC /* Main.storyboard */ = {
			isa = PBXVariantGroup;
			children = (
				4B421840250F5E9B009BE5CC /* Base */,
			);
			name = Main.storyboard;
			sourceTree = "<group>";
		};
		4B421847250F5EA0009BE5CC /* LaunchScreen.storyboard */ = {
			isa = PBXVariantGroup;
			children = (
				4B421848250F5EA0009BE5CC /* Base */,
			);
			name = LaunchScreen.storyboard;
			sourceTree = "<group>";
		};
/* End PBXVariantGroup section */

/* Begin XCBuildConfiguration section */
		4B421861250F5EA0009BE5CC /* Debug */ = {
			isa = XCBuildConfiguration;
			buildSettings = {
				ALWAYS_SEARCH_USER_PATHS = NO;
				CLANG_ANALYZER_NONNULL = YES;
				CLANG_ANALYZER_NUMBER_OBJECT_CONVERSION = YES_AGGRESSIVE;
				CLANG_CXX_LANGUAGE_STANDARD = "gnu++14";
				CLANG_CXX_LIBRARY = "libc++";
				CLANG_ENABLE_MODULES = YES;
				CLANG_ENABLE_OBJC_ARC = YES;
				CLANG_ENABLE_OBJC_WEAK = YES;
				CLANG_WARN_BLOCK_CAPTURE_AUTORELEASING = YES;
				CLANG_WARN_BOOL_CONVERSION = YES;
				CLANG_WARN_COMMA = YES;
				CLANG_WARN_CONSTANT_CONVERSION = YES;
				CLANG_WARN_DEPRECATED_OBJC_IMPLEMENTATIONS = YES;
				CLANG_WARN_DIRECT_OBJC_ISA_USAGE = YES_ERROR;
				CLANG_WARN_DOCUMENTATION_COMMENTS = YES;
				CLANG_WARN_EMPTY_BODY = YES;
				CLANG_WARN_ENUM_CONVERSION = YES;
				CLANG_WARN_INFINITE_RECURSION = YES;
				CLANG_WARN_INT_CONVERSION = YES;
				CLANG_WARN_NON_LITERAL_NULL_CONVERSION = YES;
				CLANG_WARN_OBJC_IMPLICIT_RETAIN_SELF = YES;
				CLANG_WARN_OBJC_LITERAL_CONVERSION = YES;
				CLANG_WARN_OBJC_ROOT_CLASS = YES_ERROR;
				CLANG_WARN_RANGE_LOOP_ANALYSIS = YES;
				CLANG_WARN_STRICT_PROTOTYPES = YES;
				CLANG_WARN_SUSPICIOUS_MOVE = YES;
				CLANG_WARN_UNGUARDED_AVAILABILITY = YES_AGGRESSIVE;
				CLANG_WARN_UNREACHABLE_CODE = YES;
				CLANG_WARN__DUPLICATE_METHOD_MATCH = YES;
				COPY_PHASE_STRIP = NO;
				DEBUG_INFORMATION_FORMAT = dwarf;
				ENABLE_STRICT_OBJC_MSGSEND = YES;
				ENABLE_TESTABILITY = YES;
				GCC_C_LANGUAGE_STANDARD = gnu11;
				GCC_DYNAMIC_NO_PIC = NO;
				GCC_NO_COMMON_BLOCKS = YES;
				GCC_OPTIMIZATION_LEVEL = 0;
				GCC_PREPROCESSOR_DEFINITIONS = (
					"DEBUG=1",
					"$(inherited)",
				);
				GCC_WARN_64_TO_32_BIT_CONVERSION = YES;
				GCC_WARN_ABOUT_RETURN_TYPE = YES_ERROR;
				GCC_WARN_UNDECLARED_SELECTOR = YES;
				GCC_WARN_UNINITIALIZED_AUTOS = YES_AGGRESSIVE;
				GCC_WARN_UNUSED_FUNCTION = YES;
				GCC_WARN_UNUSED_VARIABLE = YES;
				IPHONEOS_DEPLOYMENT_TARGET = 13.7;
				MTL_ENABLE_DEBUG_INFO = INCLUDE_SOURCE;
				MTL_FAST_MATH = YES;
				ONLY_ACTIVE_ARCH = YES;
				SDKROOT = iphoneos;
				SWIFT_ACTIVE_COMPILATION_CONDITIONS = DEBUG;
				SWIFT_OPTIMIZATION_LEVEL = "-Onone";
			};
			name = Debug;
		};
		4B421862250F5EA0009BE5CC /* Release */ = {
			isa = XCBuildConfiguration;
			buildSettings = {
				ALWAYS_SEARCH_USER_PATHS = NO;
				CLANG_ANALYZER_NONNULL = YES;
				CLANG_ANALYZER_NUMBER_OBJECT_CONVERSION = YES_AGGRESSIVE;
				CLANG_CXX_LANGUAGE_STANDARD = "gnu++14";
				CLANG_CXX_LIBRARY = "libc++";
				CLANG_ENABLE_MODULES = YES;
				CLANG_ENABLE_OBJC_ARC = YES;
				CLANG_ENABLE_OBJC_WEAK = YES;
				CLANG_WARN_BLOCK_CAPTURE_AUTORELEASING = YES;
				CLANG_WARN_BOOL_CONVERSION = YES;
				CLANG_WARN_COMMA = YES;
				CLANG_WARN_CONSTANT_CONVERSION = YES;
				CLANG_WARN_DEPRECATED_OBJC_IMPLEMENTATIONS = YES;
				CLANG_WARN_DIRECT_OBJC_ISA_USAGE = YES_ERROR;
				CLANG_WARN_DOCUMENTATION_COMMENTS = YES;
				CLANG_WARN_EMPTY_BODY = YES;
				CLANG_WARN_ENUM_CONVERSION = YES;
				CLANG_WARN_INFINITE_RECURSION = YES;
				CLANG_WARN_INT_CONVERSION = YES;
				CLANG_WARN_NON_LITERAL_NULL_CONVERSION = YES;
				CLANG_WARN_OBJC_IMPLICIT_RETAIN_SELF = YES;
				CLANG_WARN_OBJC_LITERAL_CONVERSION = YES;
				CLANG_WARN_OBJC_ROOT_CLASS = YES_ERROR;
				CLANG_WARN_RANGE_LOOP_ANALYSIS = YES;
				CLANG_WARN_STRICT_PROTOTYPES = YES;
				CLANG_WARN_SUSPICIOUS_MOVE = YES;
				CLANG_WARN_UNGUARDED_AVAILABILITY = YES_AGGRESSIVE;
				CLANG_WARN_UNREACHABLE_CODE = YES;
				CLANG_WARN__DUPLICATE_METHOD_MATCH = YES;
				COPY_PHASE_STRIP = NO;
				DEBUG_INFORMATION_FORMAT = "dwarf-with-dsym";
				ENABLE_NS_ASSERTIONS = NO;
				ENABLE_STRICT_OBJC_MSGSEND = YES;
				GCC_C_LANGUAGE_STANDARD = gnu11;
				GCC_NO_COMMON_BLOCKS = YES;
				GCC_WARN_64_TO_32_BIT_CONVERSION = YES;
				GCC_WARN_ABOUT_RETURN_TYPE = YES_ERROR;
				GCC_WARN_UNDECLARED_SELECTOR = YES;
				GCC_WARN_UNINITIALIZED_AUTOS = YES_AGGRESSIVE;
				GCC_WARN_UNUSED_FUNCTION = YES;
				GCC_WARN_UNUSED_VARIABLE = YES;
				IPHONEOS_DEPLOYMENT_TARGET = 13.7;
				MTL_ENABLE_DEBUG_INFO = NO;
				MTL_FAST_MATH = YES;
				SDKROOT = iphoneos;
				SWIFT_COMPILATION_MODE = wholemodule;
				SWIFT_OPTIMIZATION_LEVEL = "-O";
				VALIDATE_PRODUCT = YES;
			};
			name = Release;
		};
		4B421864250F5EA0009BE5CC /* Debug */ = {
			isa = XCBuildConfiguration;
			baseConfigurationReference = 2413D1CFDBC37D8AD22D7032 /* Pods-dj-learn-Swift.debug.xcconfig */;
			buildSettings = {
				ASSETCATALOG_COMPILER_APPICON_NAME = AppIcon;
				CODE_SIGN_STYLE = Automatic;
				CURRENT_PROJECT_VERSION = 2020091401;
				GCC_PRECOMPILE_PREFIX_HEADER = YES;
				GCC_PREFIX_HEADER = "$(SRCROOT)/dj-learn-Swift/Classes/Expend/Macro/DJApp.pch";
				INFOPLIST_FILE = "$(SRCROOT)/dj-learn-Swift/Classes/App/Info.plist";
				IPHONEOS_DEPLOYMENT_TARGET = 11.0;
				LD_RUNPATH_SEARCH_PATHS = (
					"$(inherited)",
					"@executable_path/Frameworks",
				);
				MARKETING_VERSION = 1.0.0;
				PRODUCT_BUNDLE_IDENTIFIER = "com.jaesun.dj-learn-Swift";
				PRODUCT_NAME = "$(TARGET_NAME)";
				SWIFT_VERSION = 5.0;
				TARGETED_DEVICE_FAMILY = "1,2";
			};
			name = Debug;
		};
		4B421865250F5EA0009BE5CC /* Release */ = {
			isa = XCBuildConfiguration;
			baseConfigurationReference = 2C059D2CD44919805E9C1204 /* Pods-dj-learn-Swift.release.xcconfig */;
			buildSettings = {
				ASSETCATALOG_COMPILER_APPICON_NAME = AppIcon;
				CODE_SIGN_STYLE = Automatic;
				CURRENT_PROJECT_VERSION = 2020091401;
				GCC_PRECOMPILE_PREFIX_HEADER = YES;
				GCC_PREFIX_HEADER = "$(SRCROOT)/dj-learn-Swift/Classes/Expend/Macro/DJApp.pch";
				INFOPLIST_FILE = "$(SRCROOT)/dj-learn-Swift/Classes/App/Info.plist";
				IPHONEOS_DEPLOYMENT_TARGET = 11.0;
				LD_RUNPATH_SEARCH_PATHS = (
					"$(inherited)",
					"@executable_path/Frameworks",
				);
				MARKETING_VERSION = 1.0.0;
				PRODUCT_BUNDLE_IDENTIFIER = "com.jaesun.dj-learn-Swift";
				PRODUCT_NAME = "$(TARGET_NAME)";
				SWIFT_VERSION = 5.0;
				TARGETED_DEVICE_FAMILY = "1,2";
			};
			name = Release;
		};
		4B421867250F5EA0009BE5CC /* Debug */ = {
			isa = XCBuildConfiguration;
			baseConfigurationReference = 9DDD391BA9273AEB060BE2B2 /* Pods-dj-learn-SwiftTests.debug.xcconfig */;
			buildSettings = {
				ALWAYS_EMBED_SWIFT_STANDARD_LIBRARIES = YES;
				BUNDLE_LOADER = "$(TEST_HOST)";
				CODE_SIGN_STYLE = Automatic;
				INFOPLIST_FILE = "dj-learn-SwiftTests/Info.plist";
				IPHONEOS_DEPLOYMENT_TARGET = 13.7;
				LD_RUNPATH_SEARCH_PATHS = (
					"$(inherited)",
					"@executable_path/Frameworks",
					"@loader_path/Frameworks",
				);
				PRODUCT_BUNDLE_IDENTIFIER = "com.jaesun.dj-learn-SwiftTests";
				PRODUCT_NAME = "$(TARGET_NAME)";
				SWIFT_VERSION = 5.0;
				TARGETED_DEVICE_FAMILY = "1,2";
				TEST_HOST = "$(BUILT_PRODUCTS_DIR)/dj-learn-Swift.app/dj-learn-Swift";
			};
			name = Debug;
		};
		4B421868250F5EA0009BE5CC /* Release */ = {
			isa = XCBuildConfiguration;
			baseConfigurationReference = 994BF32CAD9DE9CAC3939C6E /* Pods-dj-learn-SwiftTests.release.xcconfig */;
			buildSettings = {
				ALWAYS_EMBED_SWIFT_STANDARD_LIBRARIES = YES;
				BUNDLE_LOADER = "$(TEST_HOST)";
				CODE_SIGN_STYLE = Automatic;
				INFOPLIST_FILE = "dj-learn-SwiftTests/Info.plist";
				IPHONEOS_DEPLOYMENT_TARGET = 13.7;
				LD_RUNPATH_SEARCH_PATHS = (
					"$(inherited)",
					"@executable_path/Frameworks",
					"@loader_path/Frameworks",
				);
				PRODUCT_BUNDLE_IDENTIFIER = "com.jaesun.dj-learn-SwiftTests";
				PRODUCT_NAME = "$(TARGET_NAME)";
				SWIFT_VERSION = 5.0;
				TARGETED_DEVICE_FAMILY = "1,2";
				TEST_HOST = "$(BUILT_PRODUCTS_DIR)/dj-learn-Swift.app/dj-learn-Swift";
			};
			name = Release;
		};
		4B42186A250F5EA0009BE5CC /* Debug */ = {
			isa = XCBuildConfiguration;
			baseConfigurationReference = A32F54ED11A3D249670BB564 /* Pods-dj-learn-Swift-dj-learn-SwiftUITests.debug.xcconfig */;
			buildSettings = {
				ALWAYS_EMBED_SWIFT_STANDARD_LIBRARIES = YES;
				CODE_SIGN_STYLE = Automatic;
				INFOPLIST_FILE = "dj-learn-SwiftUITests/Info.plist";
				LD_RUNPATH_SEARCH_PATHS = (
					"$(inherited)",
					"@executable_path/Frameworks",
					"@loader_path/Frameworks",
				);
				PRODUCT_BUNDLE_IDENTIFIER = "com.jaesun.dj-learn-SwiftUITests";
				PRODUCT_NAME = "$(TARGET_NAME)";
				SWIFT_VERSION = 5.0;
				TARGETED_DEVICE_FAMILY = "1,2";
				TEST_TARGET_NAME = "dj-learn-Swift";
			};
			name = Debug;
		};
		4B42186B250F5EA0009BE5CC /* Release */ = {
			isa = XCBuildConfiguration;
			baseConfigurationReference = CF8E8EC73A2E87DD1313F7BC /* Pods-dj-learn-Swift-dj-learn-SwiftUITests.release.xcconfig */;
			buildSettings = {
				ALWAYS_EMBED_SWIFT_STANDARD_LIBRARIES = YES;
				CODE_SIGN_STYLE = Automatic;
				INFOPLIST_FILE = "dj-learn-SwiftUITests/Info.plist";
				LD_RUNPATH_SEARCH_PATHS = (
					"$(inherited)",
					"@executable_path/Frameworks",
					"@loader_path/Frameworks",
				);
				PRODUCT_BUNDLE_IDENTIFIER = "com.jaesun.dj-learn-SwiftUITests";
				PRODUCT_NAME = "$(TARGET_NAME)";
				SWIFT_VERSION = 5.0;
				TARGETED_DEVICE_FAMILY = "1,2";
				TEST_TARGET_NAME = "dj-learn-Swift";
			};
			name = Release;
		};
/* End XCBuildConfiguration section */

/* Begin XCConfigurationList section */
		4B421831250F5E9B009BE5CC /* Build configuration list for PBXProject "dj-learn-Swift" */ = {
			isa = XCConfigurationList;
			buildConfigurations = (
				4B421861250F5EA0009BE5CC /* Debug */,
				4B421862250F5EA0009BE5CC /* Release */,
			);
			defaultConfigurationIsVisible = 0;
			defaultConfigurationName = Release;
		};
		4B421863250F5EA0009BE5CC /* Build configuration list for PBXNativeTarget "dj-learn-Swift" */ = {
			isa = XCConfigurationList;
			buildConfigurations = (
				4B421864250F5EA0009BE5CC /* Debug */,
				4B421865250F5EA0009BE5CC /* Release */,
			);
			defaultConfigurationIsVisible = 0;
			defaultConfigurationName = Release;
		};
		4B421866250F5EA0009BE5CC /* Build configuration list for PBXNativeTarget "dj-learn-SwiftTests" */ = {
			isa = XCConfigurationList;
			buildConfigurations = (
				4B421867250F5EA0009BE5CC /* Debug */,
				4B421868250F5EA0009BE5CC /* Release */,
			);
			defaultConfigurationIsVisible = 0;
			defaultConfigurationName = Release;
		};
		4B421869250F5EA0009BE5CC /* Build configuration list for PBXNativeTarget "dj-learn-SwiftUITests" */ = {
			isa = XCConfigurationList;
			buildConfigurations = (
				4B42186A250F5EA0009BE5CC /* Debug */,
				4B42186B250F5EA0009BE5CC /* Release */,
			);
			defaultConfigurationIsVisible = 0;
			defaultConfigurationName = Release;
		};
/* End XCConfigurationList section */

/* Begin XCVersionGroup section */
		4B421842250F5E9B009BE5CC /* dj_learn_Swift.xcdatamodeld */ = {
			isa = XCVersionGroup;
			children = (
				4B421843250F5E9B009BE5CC /* dj_learn_Swift.xcdatamodel */,
			);
			currentVersion = 4B421843250F5E9B009BE5CC /* dj_learn_Swift.xcdatamodel */;
			path = dj_learn_Swift.xcdatamodeld;
			sourceTree = "<group>";
			versionGroupType = wrapper.xcdatamodel;
		};
/* End XCVersionGroup section */
	};
	rootObject = 4B42182E250F5E9B009BE5CC /* Project object */;
}
